
Microsoft Visual Studio Solution File, Format Version 12.00
# Visual Studio 15
VisualStudioVersion = 15.0.27428.2015
MinimumVisualStudioVersion = 10.0.40219.1
Project("{8BC9CEB8-8B4A-11D0-8D11-00A0C91BC942}") = "DeferredShading", "DeferredShading\DeferredShading.vcxproj", "{06E5AB41-E6B3-40A7-98CE-79B60A441599}"
EndProject
Project("{2150E333-8FDC-42A3-9474-1A3956D46DE8}") = "Solution Items", "Solution Items", "{4358C441-FEDF-46CB-8B83-2F7D434B5A76}"
EndProject
Global
	GlobalSection(SolutionConfigurationPlatforms) = preSolution
		Debug|x64 = Debug|x64
		Debug|x86 = Debug|x86
		Release|x64 = Release|x64
		Release|x86 = Release|x86
	EndGlobalSection
	GlobalSection(ProjectConfigurationPlatforms) = postSolution
		{06E5AB41-E6B3-40A7-98CE-79B60A441599}.Debug|x64.ActiveCfg = Debug|x64
		{06E5AB41-E6B3-40A7-98CE-79B60A441599}.Debug|x64.Build.0 = Debug|x64
		{06E5AB41-E6B3-40A7-98CE-79B60A441599}.Debug|x86.ActiveCfg = Debug|Win32
		{06E5AB41-E6B3-40A7-98CE-79B60A441599}.Debug|x86.Build.0 = Debug|Win32
		{06E5AB41-E6B3-40A7-98CE-79B60A441599}.Release|x64.ActiveCfg = Release|x64
		{06E5AB41-E6B3-40A7-98CE-79B60A441599}.Release|x64.Build.0 = Release|x64
		{06E5AB41-E6B3-40A7-98CE-79B60A441599}.Release|x86.ActiveCfg = Release|Win32
		{06E5AB41-E6B3-40A7-98CE-79B60A441599}.Release|x86.Build.0 = Release|Win32
	EndGlobalSection
	GlobalSection(SolutionProperties) = preSolution
		HideSolutionNode = FALSE
	EndGlobalSection
	GlobalSection(ExtensibilityGlobals) = postSolution
		SolutionGuid = {08675739-F34D-4B43-B2E8-5EB333A14A6E}
	EndGlobalSection
EndGlobal
